
Microsoft Visual Studio Solution File, Format Version 12.00
# Visual Studio Version 17
VisualStudioVersion = 17.4.33110.190
MinimumVisualStudioVersion = 10.0.40219.1
Project("{FAE04EC0-301F-11D3-BF4B-00C04F79EFBC}") = "TestMemoryCache", "TestMemoryCache\TestMemoryCache.csproj", "{951C6BED-37FF-4798-989E-1124047D8ADB}"
EndProject
Global
	GlobalSection(SolutionConfigurationPlatforms) = preSolution
		Debug|Any CPU = Debug|Any CPU
		Release|Any CPU = Release|Any CPU
	EndGlobalSection
	GlobalSection(ProjectConfigurationPlatforms) = postSolution
		{951C6BED-37FF-4798-989E-1124047D8ADB}.Debug|Any CPU.ActiveCfg = Debug|Any CPU
		{951C6BED-37FF-4798-989E-1124047D8ADB}.Debug|Any CPU.Build.0 = Debug|Any CPU
		{951C6BED-37FF-4798-989E-1124047D8ADB}.Release|Any CPU.ActiveCfg = Release|Any CPU
		{951C6BED-37FF-4798-989E-1124047D8ADB}.Release|Any CPU.Build.0 = Release|Any CPU
	EndGlobalSection
	GlobalSection(SolutionProperties) = preSolution
		HideSolutionNode = FALSE
	EndGlobalSection
	GlobalSection(ExtensibilityGlobals) = postSolution
		SolutionGuid = {BFBB0E61-A1B3-4644-ABC7-A4408E625BF1}
	EndGlobalSection
EndGlobal
